
Microsoft Visual Studio Solution File, Format Version 12.00
# Visual Studio Version 17
VisualStudioVersion = 17.11.35303.130
MinimumVisualStudioVersion = 10.0.40219.1
Project("{FAE04EC0-301F-11D3-BF4B-00C04F79EFBC}") = "PartyInvitationApp", "PartyInvitationApp\PartyInvitationApp.csproj", "{9AD79BB6-A7E1-43C0-8508-B8C799F0D710}"
EndProject
Global
	GlobalSection(SolutionConfigurationPlatforms) = preSolution
		Debug|Any CPU = Debug|Any CPU
		Release|Any CPU = Release|Any CPU
	EndGlobalSection
	GlobalSection(ProjectConfigurationPlatforms) = postSolution
		{9AD79BB6-A7E1-43C0-8508-B8C799F0D710}.Debug|Any CPU.ActiveCfg = Debug|Any CPU
		{9AD79BB6-A7E1-43C0-8508-B8C799F0D710}.Debug|Any CPU.Build.0 = Debug|Any CPU
		{9AD79BB6-A7E1-43C0-8508-B8C799F0D710}.Release|Any CPU.ActiveCfg = Release|Any CPU
		{9AD79BB6-A7E1-43C0-8508-B8C799F0D710}.Release|Any CPU.Build.0 = Release|Any CPU
	EndGlobalSection
	GlobalSection(SolutionProperties) = preSolution
		HideSolutionNode = FALSE
	EndGlobalSection
	GlobalSection(ExtensibilityGlobals) = postSolution
		SolutionGuid = {3383E0E4-3EFF-41EA-A975-6F9E26FACFBF}
	EndGlobalSection
EndGlobal
